{
  "version": 4,
  "terraform_version": "1.9.7",
  "serial": 9,
  "lineage": "a81bc76b-322c-a7b9-0ab7-da7ac8a07c60",
  "outputs": {},
  "resources": [
    {
      "mode": "data",
      "type": "aws_iam_role",
      "name": "lambda_exec_role",
      "provider": "provider[\"registry.terraform.io/hashicorp/aws\"]",
      "instances": [
        {
          "schema_version": 0,
          "attributes": {
            "arn": "arn:aws:iam::248189909102:role/lambda_exec_getChats",
            "assume_role_policy": "{\"Version\":\"2012-10-17\",\"Statement\":[{\"Sid\":\"\",\"Effect\":\"Allow\",\"Principal\":{\"Service\":\"lambda.amazonaws.com\"},\"Action\":\"sts:AssumeRole\"}]}",
            "create_date": "2024-10-01T14:21:51Z",
            "description": "",
            "id": "lambda_exec_getChats",
            "max_session_duration": 3600,
            "name": "lambda_exec_getChats",
            "path": "/",
            "permissions_boundary": "",
            "role_last_used": [
              {
                "last_used_date": "2024-10-01T20:22:52Z",
                "region": "eu-north-1"
              }
            ],
            "tags": {},
            "unique_id": "AROATTSKFPBXNQVR342L6"
          },
          "sensitive_attributes": []
        }
      ]
    },
    {
      "mode": "managed",
      "type": "aws_api_gateway_method",
      "name": "lambda_method",
      "provider": "provider[\"registry.terraform.io/hashicorp/aws\"]",
      "instances": [
        {
          "schema_version": 0,
          "attributes": {
            "api_key_required": false,
            "authorization": "NONE",
            "authorization_scopes": [],
            "authorizer_id": "",
            "http_method": "GET",
            "id": "agm-lk3pous57b-mc35n1-GET",
            "operation_name": "",
            "request_models": {},
            "request_parameters": {},
            "request_validator_id": "",
            "resource_id": "mc35n1",
            "rest_api_id": "lk3pous57b"
          },
          "sensitive_attributes": [],
          "private": "bnVsbA==",
          "dependencies": [
            "aws_api_gateway_resource.lambda_resource",
            "aws_api_gateway_rest_api.api_gateway"
          ]
        }
      ]
    },
    {
      "mode": "managed",
      "type": "aws_api_gateway_resource",
      "name": "lambda_resource",
      "provider": "provider[\"registry.terraform.io/hashicorp/aws\"]",
      "instances": [
        {
          "schema_version": 0,
          "attributes": {
            "id": "mc35n1",
            "parent_id": "jyfgt8xdeg",
            "path": "/chats",
            "path_part": "chats",
            "rest_api_id": "lk3pous57b"
          },
          "sensitive_attributes": [],
          "private": "bnVsbA==",
          "dependencies": [
            "aws_api_gateway_rest_api.api_gateway"
          ]
        }
      ]
    },
    {
      "mode": "managed",
      "type": "aws_api_gateway_rest_api",
      "name": "api_gateway",
      "provider": "provider[\"registry.terraform.io/hashicorp/aws\"]",
      "instances": [
        {
          "schema_version": 0,
          "attributes": {
            "api_key_source": "HEADER",
            "arn": "arn:aws:apigateway:eu-north-1::/restapis/lk3pous57b",
            "binary_media_types": [],
            "body": null,
            "created_date": "2024-10-08T15:02:54Z",
            "description": "API Gateway for getChats Lambda function",
            "disable_execute_api_endpoint": false,
            "endpoint_configuration": [
              {
                "types": [
                  "EDGE"
                ],
                "vpc_endpoint_ids": []
              }
            ],
            "execution_arn": "arn:aws:execute-api:eu-north-1:248189909102:lk3pous57b",
            "fail_on_warnings": null,
            "id": "lk3pous57b",
            "minimum_compression_size": "",
            "name": "gatChats",
            "parameters": null,
            "policy": "",
            "put_rest_api_mode": null,
            "root_resource_id": "jyfgt8xdeg",
            "tags": {},
            "tags_all": {}
          },
          "sensitive_attributes": [],
          "private": "bnVsbA=="
        }
      ]
    },
    {
      "mode": "managed",
      "type": "aws_iam_role_policy",
      "name": "dynamodb_policy",
      "provider": "provider[\"registry.terraform.io/hashicorp/aws\"]",
      "instances": [
        {
          "schema_version": 0,
          "attributes": {
            "id": "lambda_exec_getChats:dynamodb_access",
            "name": "dynamodb_access",
            "name_prefix": "",
            "policy": "{\"Version\":\"2012-10-17\",\"Statement\":[{\"Action\":[\"dynamodb:Query\",\"dynamodb:Scan\",\"dynamodb:GetItem\"],\"Effect\":\"Allow\",\"Resource\":\"*\"}]}",
            "role": "lambda_exec_getChats"
          },
          "sensitive_attributes": [],
          "private": "bnVsbA==",
          "dependencies": [
            "data.aws_iam_role.lambda_exec_role"
          ]
        }
      ]
    },
    {
      "mode": "managed",
      "type": "aws_lambda_function",
      "name": "getChats",
      "provider": "provider[\"registry.terraform.io/hashicorp/aws\"]",
      "instances": [
        {
          "schema_version": 0,
          "attributes": {
            "architectures": [
              "x86_64"
            ],
            "arn": "arn:aws:lambda:eu-north-1:248189909102:function:getChats",
            "code_sha256": "rRAN2klqufaD0jPlordKQc+0FFpU+kE1RolKWWDFKV8=",
            "code_signing_config_arn": "",
            "dead_letter_config": [],
            "description": "",
            "environment": [],
            "ephemeral_storage": [
              {
                "size": 512
              }
            ],
            "file_system_config": [],
            "filename": null,
            "function_name": "arn:aws:lambda:eu-north-1:248189909102:function:getChats",
            "handler": "getChats::getChats.Function::FunctionHandler",
            "id": "arn:aws:lambda:eu-north-1:248189909102:function:getChats",
            "image_config": [],
            "image_uri": "",
            "invoke_arn": "arn:aws:apigateway:eu-north-1:lambda:path/2015-03-31/functions/arn:aws:lambda:eu-north-1:248189909102:function:getChats/invocations",
            "kms_key_arn": "",
            "last_modified": "2024-10-08T12:30:30.647+0000",
            "layers": [],
            "logging_config": [
              {
                "application_log_level": "",
                "log_format": "Text",
                "log_group": "/aws/lambda/getChats",
                "system_log_level": ""
              }
            ],
            "memory_size": 512,
            "package_type": "Zip",
            "publish": null,
            "qualified_arn": "arn:aws:lambda:eu-north-1:248189909102:function:getChats:$LATEST",
            "qualified_invoke_arn": "arn:aws:apigateway:eu-north-1:lambda:path/2015-03-31/functions/arn:aws:lambda:eu-north-1:248189909102:function:getChats:$LATEST/invocations",
            "replace_security_groups_on_destroy": null,
            "replacement_security_group_ids": null,
            "reserved_concurrent_executions": -1,
            "role": "arn:aws:iam::248189909102:role/lambda_exec_getChats",
            "runtime": "dotnet8",
            "s3_bucket": null,
            "s3_key": null,
            "s3_object_version": null,
            "signing_job_arn": "",
            "signing_profile_version_arn": "",
            "skip_destroy": false,
            "snap_start": [],
            "source_code_hash": "",
            "source_code_size": 2958442,
            "tags": {},
            "tags_all": {},
            "timeout": 30,
            "timeouts": null,
            "tracing_config": [
              {
                "mode": "PassThrough"
              }
            ],
            "version": "$LATEST",
            "vpc_config": []
          },
          "sensitive_attributes": [],
          "private": "eyJlMmJmYjczMC1lY2FhLTExZTYtOGY4OC0zNDM2M2JjN2M0YzAiOnsiY3JlYXRlIjo2MDAwMDAwMDAwMDAsImRlbGV0ZSI6NjAwMDAwMDAwMDAwLCJ1cGRhdGUiOjYwMDAwMDAwMDAwMH0sInNjaGVtYV92ZXJzaW9uIjoiMCJ9"
        }
      ]
    }
  ],
  "check_results": null
}
